
Microsoft Visual Studio Solution File, Format Version 12.00
# Visual Studio Version 16
VisualStudioVersion = 16.0.29319.158
MinimumVisualStudioVersion = 10.0.40219.1
Project("{FAE04EC0-301F-11D3-BF4B-00C04F79EFBC}") = "Musical_WebStore_BlazorApp.Server", "Server\Musical_WebStore_BlazorApp.Server.csproj", "{490A2C2B-3F17-47CB-974D-4FD4D7F70E46}"
EndProject
Project("{FAE04EC0-301F-11D3-BF4B-00C04F79EFBC}") = "Musical_WebStore_BlazorApp.Client", "Client\Musical_WebStore_BlazorApp.Client.csproj", "{4398A2D1-D19D-4EDC-991B-70550C615317}"
EndProject
Project("{FAE04EC0-301F-11D3-BF4B-00C04F79EFBC}") = "Musical_WebStore_BlazorApp.Shared", "Shared\Musical_WebStore_BlazorApp.Shared.csproj", "{F1C034A4-893B-43AC-AE2F-881032619105}"
EndProject
Global
	GlobalSection(SolutionConfigurationPlatforms) = preSolution
		Debug|Any CPU = Debug|Any CPU
		Release|Any CPU = Release|Any CPU
	EndGlobalSection
	GlobalSection(ProjectConfigurationPlatforms) = postSolution
		{490A2C2B-3F17-47CB-974D-4FD4D7F70E46}.Debug|Any CPU.ActiveCfg = Debug|Any CPU
		{490A2C2B-3F17-47CB-974D-4FD4D7F70E46}.Debug|Any CPU.Build.0 = Debug|Any CPU
		{490A2C2B-3F17-47CB-974D-4FD4D7F70E46}.Release|Any CPU.ActiveCfg = Release|Any CPU
		{490A2C2B-3F17-47CB-974D-4FD4D7F70E46}.Release|Any CPU.Build.0 = Release|Any CPU
		{4398A2D1-D19D-4EDC-991B-70550C615317}.Debug|Any CPU.ActiveCfg = Debug|Any CPU
		{4398A2D1-D19D-4EDC-991B-70550C615317}.Debug|Any CPU.Build.0 = Debug|Any CPU
		{4398A2D1-D19D-4EDC-991B-70550C615317}.Release|Any CPU.ActiveCfg = Release|Any CPU
		{4398A2D1-D19D-4EDC-991B-70550C615317}.Release|Any CPU.Build.0 = Release|Any CPU
		{F1C034A4-893B-43AC-AE2F-881032619105}.Debug|Any CPU.ActiveCfg = Debug|Any CPU
		{F1C034A4-893B-43AC-AE2F-881032619105}.Debug|Any CPU.Build.0 = Debug|Any CPU
		{F1C034A4-893B-43AC-AE2F-881032619105}.Release|Any CPU.ActiveCfg = Release|Any CPU
		{F1C034A4-893B-43AC-AE2F-881032619105}.Release|Any CPU.Build.0 = Release|Any CPU
	EndGlobalSection
	GlobalSection(SolutionProperties) = preSolution
		HideSolutionNode = FALSE
	EndGlobalSection
	GlobalSection(ExtensibilityGlobals) = postSolution
		SolutionGuid = {E658C77C-8A30-4033-9EA2-59D4C966814A}
	EndGlobalSection
EndGlobal
